// !$*UTF8*$!
{
	archiveVersion = 1;
	classes = {
	};
	objectVersion = 77;
	objects = {

/* Begin PBXBuildFile section */
		F11000022E9840DA0013671F /* MessagesExtension.appex in Embed Foundation Extensions */ = {isa = PBXBuildFile; fileRef = F11000012E9840DA0013671F /* MessagesExtension.appex */; platformFilter = ios; settings = {ATTRIBUTES = (RemoveHeadersOnCopy, ); }; };
/* End PBXBuildFile section */

/* Begin PBXContainerItemProxy section */
		E54DEBF32E9840DA0013671E /* PBXContainerItemProxy */ = {
			isa = PBXContainerItemProxy;
			containerPortal = E54DEBD92E9840D80013671E /* Project object */;
			proxyType = 1;
			remoteGlobalIDString = E54DEBE02E9840D80013671E;
			remoteInfo = Exchange;
		};
		E54DEBFD2E9840DA0013671E /* PBXContainerItemProxy */ = {
			isa = PBXContainerItemProxy;
			containerPortal = E54DEBD92E9840D80013671E /* Project object */;
			proxyType = 1;
			remoteGlobalIDString = E54DEBE02E9840D80013671E;
			remoteInfo = Exchange;
		};
		F11000032E9840DA0013671F /* PBXContainerItemProxy */ = {
			isa = PBXContainerItemProxy;
			containerPortal = E54DEBD92E9840D80013671E /* Project object */;
			proxyType = 1;
			remoteGlobalIDString = F11000052E9840DA0013671F;
			remoteInfo = MessagesExtension;
		};
/* End PBXContainerItemProxy section */

/* Begin PBXCopyFilesBuildPhase section */
		F110000A2E9840DA0013671F /* Embed Foundation Extensions */ = {
			isa = PBXCopyFilesBuildPhase;
			buildActionMask = 2147483647;
			dstPath = "";
			dstSubfolderSpec = 13;
			files = (
				F11000022E9840DA0013671F /* MessagesExtension.appex in Embed Foundation Extensions */,
			);
			name = "Embed Foundation Extensions";
			runOnlyForDeploymentPostprocessing = 0;
		};
/* End PBXCopyFilesBuildPhase section */

/* Begin PBXFileReference section */
		E54DEBE12E9840D80013671E /* Exchange.app */ = {isa = PBXFileReference; explicitFileType = wrapper.application; includeInIndex = 0; path = Exchange.app; sourceTree = BUILT_PRODUCTS_DIR; };
		E54DEBF22E9840DA0013671E /* ExchangeTests.xctest */ = {isa = PBXFileReference; explicitFileType = wrapper.cfbundle; includeInIndex = 0; path = ExchangeTests.xctest; sourceTree = BUILT_PRODUCTS_DIR; };
		E54DEBFC2E9840DA0013671E /* ExchangeUITests.xctest */ = {isa = PBXFileReference; explicitFileType = wrapper.cfbundle; includeInIndex = 0; path = ExchangeUITests.xctest; sourceTree = BUILT_PRODUCTS_DIR; };
		F11000012E9840DA0013671F /* MessagesExtension.appex */ = {isa = PBXFileReference; explicitFileType = "wrapper.app-extension"; includeInIndex = 0; path = MessagesExtension.appex; sourceTree = BUILT_PRODUCTS_DIR; };
/* End PBXFileReference section */

/* Begin PBXFileSystemSynchronizedBuildFileExceptionSet section */
		E54DEC042E9840DA0013671E /* Exceptions for "Exchange" folder in "Exchange" target */ = {
			isa = PBXFileSystemSynchronizedBuildFileExceptionSet;
			membershipExceptions = (
				Info.plist,
			);
			target = E54DEBE02E9840D80013671E /* Exchange */;
		};
		F110000B2E9840DA0013671F /* Exceptions for "MessagesExtension" folder in "MessagesExtension" target */ = {
			isa = PBXFileSystemSynchronizedBuildFileExceptionSet;
			membershipExceptions = (
				Info.plist,
			);
			target = F11000052E9840DA0013671F /* MessagesExtension */;
		};
		F110000C2E9840DA0013671F /* Exceptions for "Exchange" folder in "MessagesExtension" target */ = {
			isa = PBXFileSystemSynchronizedBuildFileExceptionSet;
			membershipExceptions = (
				Assets.xcassets,
				ContentView.swift,
				Crypto/IdentityBackup.swift,
				Crypto/IdentityTransferQR.swift,
				Crypto/RecipientsSync.swift,
				ExchangeApp.swift,
				Info.plist,
				PrivacyInfo.xcprivacy,
				Storage/RecipientsSyncCoordinator.swift,
				Views/AddRecipientView.swift,
				Views/ComposeView.swift,
				Views/DecryptView.swift,
				Views/ExportIdentityView.swift,
				Views/ImportIdentityView.swift,
				Views/MyIdentityQRView.swift,
				Views/QRCodeView.swift,
				Views/QRScannerView.swift,
				Views/ScanIdentityQRTransferView.swift,
				Views/SettingsView.swift,
				Views/ShowIdentityQRTransferView.swift,
			);
			target = F11000052E9840DA0013671F /* MessagesExtension */;
		};
/* End PBXFileSystemSynchronizedBuildFileExceptionSet section */

/* Begin PBXFileSystemSynchronizedRootGroup section */
		E54DEBE32E9840D80013671E /* Exchange */ = {
			isa = PBXFileSystemSynchronizedRootGroup;
			exceptions = (
				E54DEC042E9840DA0013671E /* Exceptions for "Exchange" folder in "Exchange" target */,
				F110000C2E9840DA0013671F /* Exceptions for "Exchange" folder in "MessagesExtension" target */,
			);
			path = Exchange;
			sourceTree = "<group>";
		};
		E54DEBF52E9840DA0013671E /* ExchangeTests */ = {
			isa = PBXFileSystemSynchronizedRootGroup;
			path = ExchangeTests;
			sourceTree = "<group>";
		};
		E54DEBFF2E9840DA0013671E /* ExchangeUITests */ = {
			isa = PBXFileSystemSynchronizedRootGroup;
			path = ExchangeUITests;
			sourceTree = "<group>";
		};
		F11000062E9840DA0013671F /* MessagesExtension */ = {
			isa = PBXFileSystemSynchronizedRootGroup;
			exceptions = (
				F110000B2E9840DA0013671F /* Exceptions for "MessagesExtension" folder in "MessagesExtension" target */,
			);
			path = MessagesExtension;
			sourceTree = "<group>";
		};
/* End PBXFileSystemSynchronizedRootGroup section */

/* Begin PBXFrameworksBuildPhase section */
		E54DEBDE2E9840D80013671E /* Frameworks */ = {
			isa = PBXFrameworksBuildPhase;
			buildActionMask = 2147483647;
			files = (
			);
			runOnlyForDeploymentPostprocessing = 0;
		};
		E54DEBEF2E9840DA0013671E /* Frameworks */ = {
			isa = PBXFrameworksBuildPhase;
			buildActionMask = 2147483647;
			files = (
			);
			runOnlyForDeploymentPostprocessing = 0;
		};
		E54DEBF92E9840DA0013671E /* Frameworks */ = {
			isa = PBXFrameworksBuildPhase;
			buildActionMask = 2147483647;
			files = (
			);
			runOnlyForDeploymentPostprocessing = 0;
		};
		F11000082E9840DA0013671F /* Frameworks */ = {
			isa = PBXFrameworksBuildPhase;
			buildActionMask = 2147483647;
			files = (
			);
			runOnlyForDeploymentPostprocessing = 0;
		};
/* End PBXFrameworksBuildPhase section */

/* Begin PBXGroup section */
		E54DEBD82E9840D80013671E = {
			isa = PBXGroup;
			children = (
				E54DEBE32E9840D80013671E /* Exchange */,
				E54DEBF52E9840DA0013671E /* ExchangeTests */,
				E54DEBFF2E9840DA0013671E /* ExchangeUITests */,
				F11000062E9840DA0013671F /* MessagesExtension */,
				E54DEBE22E9840D80013671E /* Products */,
			);
			sourceTree = "<group>";
		};
		E54DEBE22E9840D80013671E /* Products */ = {
			isa = PBXGroup;
			children = (
				E54DEBE12E9840D80013671E /* Exchange.app */,
				E54DEBF22E9840DA0013671E /* ExchangeTests.xctest */,
				E54DEBFC2E9840DA0013671E /* ExchangeUITests.xctest */,
				F11000012E9840DA0013671F /* MessagesExtension.appex */,
			);
			name = Products;
			sourceTree = "<group>";
		};
/* End PBXGroup section */

/* Begin PBXNativeTarget section */
		E54DEBE02E9840D80013671E /* Exchange */ = {
			isa = PBXNativeTarget;
			buildConfigurationList = E54DEC052E9840DA0013671E /* Build configuration list for PBXNativeTarget "Exchange" */;
			buildPhases = (
				E54DEBDD2E9840D80013671E /* Sources */,
				E54DEBDE2E9840D80013671E /* Frameworks */,
				E54DEBDF2E9840D80013671E /* Resources */,
				F110000A2E9840DA0013671F /* Embed Foundation Extensions */,
			);
			buildRules = (
			);
			dependencies = (
				F11000042E9840DA0013671F /* PBXTargetDependency */,
			);
			fileSystemSynchronizedGroups = (
				E54DEBE32E9840D80013671E /* Exchange */,
			);
			name = Exchange;
			packageProductDependencies = (
			);
			productName = Exchange;
			productReference = E54DEBE12E9840D80013671E /* Exchange.app */;
			productType = "com.apple.product-type.application";
		};
		E54DEBF12E9840DA0013671E /* ExchangeTests */ = {
			isa = PBXNativeTarget;
			buildConfigurationList = E54DEC0A2E9840DA0013671E /* Build configuration list for PBXNativeTarget "ExchangeTests" */;
			buildPhases = (
				E54DEBEE2E9840DA0013671E /* Sources */,
				E54DEBEF2E9840DA0013671E /* Frameworks */,
				E54DEBF02E9840DA0013671E /* Resources */,
			);
			buildRules = (
			);
			dependencies = (
				E54DEBF42E9840DA0013671E /* PBXTargetDependency */,
			);
			fileSystemSynchronizedGroups = (
				E54DEBF52E9840DA0013671E /* ExchangeTests */,
			);
			name = ExchangeTests;
			packageProductDependencies = (
			);
			productName = ExchangeTests;
			productReference = E54DEBF22E9840DA0013671E /* ExchangeTests.xctest */;
			productType = "com.apple.product-type.bundle.unit-test";
		};
		E54DEBFB2E9840DA0013671E /* ExchangeUITests */ = {
			isa = PBXNativeTarget;
			buildConfigurationList = E54DEC0D2E9840DA0013671E /* Build configuration list for PBXNativeTarget "ExchangeUITests" */;
			buildPhases = (
				E54DEBF82E9840DA0013671E /* Sources */,
				E54DEBF92E9840DA0013671E /* Frameworks */,
				E54DEBFA2E9840DA0013671E /* Resources */,
			);
			buildRules = (
			);
			dependencies = (
				E54DEBFE2E9840DA0013671E /* PBXTargetDependency */,
			);
			fileSystemSynchronizedGroups = (
				E54DEBFF2E9840DA0013671E /* ExchangeUITests */,
			);
			name = ExchangeUITests;
			packageProductDependencies = (
			);
			productName = ExchangeUITests;
			productReference = E54DEBFC2E9840DA0013671E /* ExchangeUITests.xctest */;
			productType = "com.apple.product-type.bundle.ui-testing";
		};
		F11000052E9840DA0013671F /* MessagesExtension */ = {
			isa = PBXNativeTarget;
			buildConfigurationList = F110000D2E9840DA0013671F /* Build configuration list for PBXNativeTarget "MessagesExtension" */;
			buildPhases = (
				F11000072E9840DA0013671F /* Sources */,
				F11000082E9840DA0013671F /* Frameworks */,
				F11000092E9840DA0013671F /* Resources */,
			);
			buildRules = (
			);
			dependencies = (
			);
			fileSystemSynchronizedGroups = (
				E54DEBE32E9840D80013671E /* Exchange */,
				F11000062E9840DA0013671F /* MessagesExtension */,
			);
			name = MessagesExtension;
			packageProductDependencies = (
			);
			productName = MessagesExtension;
			productReference = F11000012E9840DA0013671F /* MessagesExtension.appex */;
			productType = "com.apple.product-type.app-extension.messages";
		};
/* End PBXNativeTarget section */

/* Begin PBXProject section */
		E54DEBD92E9840D80013671E /* Project object */ = {
			isa = PBXProject;
			attributes = {
				BuildIndependentTargetsInParallel = 1;
				LastSwiftUpdateCheck = 2600;
				LastUpgradeCheck = 2640;
				TargetAttributes = {
					E54DEBE02E9840D80013671E = {
						CreatedOnToolsVersion = 26.0.1;
					};
					E54DEBF12E9840DA0013671E = {
						CreatedOnToolsVersion = 26.0.1;
						TestTargetID = E54DEBE02E9840D80013671E;
					};
					E54DEBFB2E9840DA0013671E = {
						CreatedOnToolsVersion = 26.0.1;
						TestTargetID = E54DEBE02E9840D80013671E;
					};
					F11000052E9840DA0013671F = {
						CreatedOnToolsVersion = 26.0.1;
					};
				};
			};
			buildConfigurationList = E54DEBDC2E9840D80013671E /* Build configuration list for PBXProject "Exchange" */;
			developmentRegion = en;
			hasScannedForEncodings = 0;
			knownRegions = (
				en,
				Base,
			);
			mainGroup = E54DEBD82E9840D80013671E;
			minimizedProjectReferenceProxies = 1;
			preferredProjectObjectVersion = 77;
			productRefGroup = E54DEBE22E9840D80013671E /* Products */;
			projectDirPath = "";
			projectRoot = "";
			targets = (
				E54DEBE02E9840D80013671E /* Exchange */,
				E54DEBF12E9840DA0013671E /* ExchangeTests */,
				E54DEBFB2E9840DA0013671E /* ExchangeUITests */,
				F11000052E9840DA0013671F /* MessagesExtension */,
			);
		};
/* End PBXProject section */

/* Begin PBXResourcesBuildPhase section */
		E54DEBDF2E9840D80013671E /* Resources */ = {
			isa = PBXResourcesBuildPhase;
			buildActionMask = 2147483647;
			files = (
			);
			runOnlyForDeploymentPostprocessing = 0;
		};
		E54DEBF02E9840DA0013671E /* Resources */ = {
			isa = PBXResourcesBuildPhase;
			buildActionMask = 2147483647;
			files = (
			);
			runOnlyForDeploymentPostprocessing = 0;
		};
		E54DEBFA2E9840DA0013671E /* Resources */ = {
			isa = PBXResourcesBuildPhase;
			buildActionMask = 2147483647;
			files = (
			);
			runOnlyForDeploymentPostprocessing = 0;
		};
		F11000092E9840DA0013671F /* Resources */ = {
			isa = PBXResourcesBuildPhase;
			buildActionMask = 2147483647;
			files = (
			);
			runOnlyForDeploymentPostprocessing = 0;
		};
/* End PBXResourcesBuildPhase section */

/* Begin PBXSourcesBuildPhase section */
		E54DEBDD2E9840D80013671E /* Sources */ = {
			isa = PBXSourcesBuildPhase;
			buildActionMask = 2147483647;
			files = (
			);
			runOnlyForDeploymentPostprocessing = 0;
		};
		E54DEBEE2E9840DA0013671E /* Sources */ = {
			isa = PBXSourcesBuildPhase;
			buildActionMask = 2147483647;
			files = (
			);
			runOnlyForDeploymentPostprocessing = 0;
		};
		E54DEBF82E9840DA0013671E /* Sources */ = {
			isa = PBXSourcesBuildPhase;
			buildActionMask = 2147483647;
			files = (
			);
			runOnlyForDeploymentPostprocessing = 0;
		};
		F11000072E9840DA0013671F /* Sources */ = {
			isa = PBXSourcesBuildPhase;
			buildActionMask = 2147483647;
			files = (
			);
			runOnlyForDeploymentPostprocessing = 0;
		};
/* End PBXSourcesBuildPhase section */

/* Begin PBXTargetDependency section */
		E54DEBF42E9840DA0013671E /* PBXTargetDependency */ = {
			isa = PBXTargetDependency;
			target = E54DEBE02E9840D80013671E /* Exchange */;
			targetProxy = E54DEBF32E9840DA0013671E /* PBXContainerItemProxy */;
		};
		E54DEBFE2E9840DA0013671E /* PBXTargetDependency */ = {
			isa = PBXTargetDependency;
			target = E54DEBE02E9840D80013671E /* Exchange */;
			targetProxy = E54DEBFD2E9840DA0013671E /* PBXContainerItemProxy */;
		};
		F11000042E9840DA0013671F /* PBXTargetDependency */ = {
			isa = PBXTargetDependency;
			target = F11000052E9840DA0013671F /* MessagesExtension */;
			targetProxy = F11000032E9840DA0013671F /* PBXContainerItemProxy */;
		};
/* End PBXTargetDependency section */

/* Begin XCBuildConfiguration section */
		E54DEC062E9840DA0013671E /* Debug */ = {
			isa = XCBuildConfiguration;
			buildSettings = {
				ASSETCATALOG_COMPILER_APPICON_NAME = AppIcon;
				ASSETCATALOG_COMPILER_GLOBAL_ACCENT_COLOR_NAME = AccentColor;
				CODE_SIGN_ENTITLEMENTS = Exchange/Exchange.entitlements;
				CODE_SIGN_STYLE = Automatic;
				CURRENT_PROJECT_VERSION = 122;
				DEVELOPMENT_TEAM = V4WM2SJ8Q9;
				ENABLE_PREVIEWS = YES;
				GENERATE_INFOPLIST_FILE = YES;
				INFOPLIST_FILE = Exchange/Info.plist;
				INFOPLIST_KEY_CFBundleDisplayName = Exchange;
				INFOPLIST_KEY_LSApplicationCategoryType = "public.app-category.utilities";
				INFOPLIST_KEY_UIApplicationSceneManifest_Generation = YES;
				INFOPLIST_KEY_UIApplicationSupportsIndirectInputEvents = YES;
				INFOPLIST_KEY_UILaunchScreen_Generation = YES;
				INFOPLIST_KEY_UISupportedInterfaceOrientations_iPad = "UIInterfaceOrientationPortrait UIInterfaceOrientationPortraitUpsideDown UIInterfaceOrientationLandscapeLeft UIInterfaceOrientationLandscapeRight";
				INFOPLIST_KEY_UISupportedInterfaceOrientations_iPhone = "UIInterfaceOrientationPortrait UIInterfaceOrientationLandscapeLeft UIInterfaceOrientationLandscapeRight";
				LD_RUNPATH_SEARCH_PATHS = (
					"$(inherited)",
					"@executable_path/Frameworks",
				);
				MARKETING_VERSION = 1.2;
				PRODUCT_BUNDLE_IDENTIFIER = me.nettrash.Exchange;
				PRODUCT_NAME = "$(TARGET_NAME)";
				STRING_CATALOG_GENERATE_SYMBOLS = YES;
				SUPPORTS_MACCATALYST = YES;
				SUPPORTS_MAC_DESIGNED_FOR_IPHONE_IPAD = NO;
				SWIFT_APPROACHABLE_CONCURRENCY = YES;
				SWIFT_DEFAULT_ACTOR_ISOLATION = MainActor;
				SWIFT_EMIT_LOC_STRINGS = YES;
				SWIFT_UPCOMING_FEATURE_MEMBER_IMPORT_VISIBILITY = YES;
				SWIFT_VERSION = 5.0;
				TARGETED_DEVICE_FAMILY = "1,2";
			};
			name = Debug;
		};
		E54DEC072E9840DA0013671E /* Release */ = {
			isa = XCBuildConfiguration;
			buildSettings = {
				ASSETCATALOG_COMPILER_APPICON_NAME = AppIcon;
				ASSETCATALOG_COMPILER_GLOBAL_ACCENT_COLOR_NAME = AccentColor;
				CODE_SIGN_ENTITLEMENTS = Exchange/Exchange.entitlements;
				CODE_SIGN_STYLE = Automatic;
				CURRENT_PROJECT_VERSION = 122;
				DEVELOPMENT_TEAM = V4WM2SJ8Q9;
				ENABLE_PREVIEWS = YES;
				GENERATE_INFOPLIST_FILE = YES;
				INFOPLIST_FILE = Exchange/Info.plist;
				INFOPLIST_KEY_CFBundleDisplayName = Exchange;
				INFOPLIST_KEY_LSApplicationCategoryType = "public.app-category.utilities";
				INFOPLIST_KEY_UIApplicationSceneManifest_Generation = YES;
				INFOPLIST_KEY_UIApplicationSupportsIndirectInputEvents = YES;
				INFOPLIST_KEY_UILaunchScreen_Generation = YES;
				INFOPLIST_KEY_UISupportedInterfaceOrientations_iPad = "UIInterfaceOrientationPortrait UIInterfaceOrientationPortraitUpsideDown UIInterfaceOrientationLandscapeLeft UIInterfaceOrientationLandscapeRight";
				INFOPLIST_KEY_UISupportedInterfaceOrientations_iPhone = "UIInterfaceOrientationPortrait UIInterfaceOrientationLandscapeLeft UIInterfaceOrientationLandscapeRight";
				LD_RUNPATH_SEARCH_PATHS = (
					"$(inherited)",
					"@executable_path/Frameworks",
				);
				MARKETING_VERSION = 1.2;
				PRODUCT_BUNDLE_IDENTIFIER = me.nettrash.Exchange;
				PRODUCT_NAME = "$(TARGET_NAME)";
				STRING_CATALOG_GENERATE_SYMBOLS = YES;
				SUPPORTS_MACCATALYST = YES;
				SUPPORTS_MAC_DESIGNED_FOR_IPHONE_IPAD = NO;
				SWIFT_APPROACHABLE_CONCURRENCY = YES;
				SWIFT_DEFAULT_ACTOR_ISOLATION = MainActor;
				SWIFT_EMIT_LOC_STRINGS = YES;
				SWIFT_UPCOMING_FEATURE_MEMBER_IMPORT_VISIBILITY = YES;
				SWIFT_VERSION = 5.0;
				TARGETED_DEVICE_FAMILY = "1,2";
			};
			name = Release;
		};
		E54DEC082E9840DA0013671E /* Debug */ = {
			isa = XCBuildConfiguration;
			buildSettings = {
				ALWAYS_SEARCH_USER_PATHS = NO;
				ASSETCATALOG_COMPILER_GENERATE_SWIFT_ASSET_SYMBOL_EXTENSIONS = YES;
				CLANG_ANALYZER_NONNULL = YES;
				CLANG_ANALYZER_NUMBER_OBJECT_CONVERSION = YES_AGGRESSIVE;
				CLANG_CXX_LANGUAGE_STANDARD = "gnu++20";
				CLANG_ENABLE_MODULES = YES;
				CLANG_ENABLE_OBJC_ARC = YES;
				CLANG_ENABLE_OBJC_WEAK = YES;
				CLANG_WARN_BLOCK_CAPTURE_AUTORELEASING = YES;
				CLANG_WARN_BOOL_CONVERSION = YES;
				CLANG_WARN_COMMA = YES;
				CLANG_WARN_CONSTANT_CONVERSION = YES;
				CLANG_WARN_DEPRECATED_OBJC_IMPLEMENTATIONS = YES;
				CLANG_WARN_DIRECT_OBJC_ISA_USAGE = YES_ERROR;
				CLANG_WARN_DOCUMENTATION_COMMENTS = YES;
				CLANG_WARN_EMPTY_BODY = YES;
				CLANG_WARN_ENUM_CONVERSION = YES;
				CLANG_WARN_INFINITE_RECURSION = YES;
				CLANG_WARN_INT_CONVERSION = YES;
				CLANG_WARN_NON_LITERAL_NULL_CONVERSION = YES;
				CLANG_WARN_OBJC_IMPLICIT_RETAIN_SELF = YES;
				CLANG_WARN_OBJC_LITERAL_CONVERSION = YES;
				CLANG_WARN_OBJC_ROOT_CLASS = YES_ERROR;
				CLANG_WARN_QUOTED_INCLUDE_IN_FRAMEWORK_HEADER = YES;
				CLANG_WARN_RANGE_LOOP_ANALYSIS = YES;
				CLANG_WARN_STRICT_PROTOTYPES = YES;
				CLANG_WARN_SUSPICIOUS_MOVE = YES;
				CLANG_WARN_UNGUARDED_AVAILABILITY = YES_AGGRESSIVE;
				CLANG_WARN_UNREACHABLE_CODE = YES;
				CLANG_WARN__DUPLICATE_METHOD_MATCH = YES;
				COPY_PHASE_STRIP = NO;
				DEBUG_INFORMATION_FORMAT = dwarf;
				DEVELOPMENT_TEAM = V4WM2SJ8Q9;
				ENABLE_STRICT_OBJC_MSGSEND = YES;
				ENABLE_TESTABILITY = YES;
				ENABLE_USER_SCRIPT_SANDBOXING = YES;
				GCC_C_LANGUAGE_STANDARD = gnu17;
				GCC_DYNAMIC_NO_PIC = NO;
				GCC_NO_COMMON_BLOCKS = YES;
				GCC_OPTIMIZATION_LEVEL = 0;
				GCC_PREPROCESSOR_DEFINITIONS = (
					"DEBUG=1",
					"$(inherited)",
				);
				GCC_WARN_64_TO_32_BIT_CONVERSION = YES;
				GCC_WARN_ABOUT_RETURN_TYPE = YES_ERROR;
				GCC_WARN_UNDECLARED_SELECTOR = YES;
				GCC_WARN_UNINITIALIZED_AUTOS = YES_AGGRESSIVE;
				GCC_WARN_UNUSED_FUNCTION = YES;
				GCC_WARN_UNUSED_VARIABLE = YES;
				IPHONEOS_DEPLOYMENT_TARGET = 26.0;
				LOCALIZATION_PREFERS_STRING_CATALOGS = YES;
				MTL_ENABLE_DEBUG_INFO = INCLUDE_SOURCE;
				MTL_FAST_MATH = YES;
				ONLY_ACTIVE_ARCH = YES;
				SDKROOT = iphoneos;
				STRING_CATALOG_GENERATE_SYMBOLS = YES;
				SWIFT_ACTIVE_COMPILATION_CONDITIONS = "DEBUG $(inherited)";
				SWIFT_OPTIMIZATION_LEVEL = "-Onone";
			};
			name = Debug;
		};
		E54DEC092E9840DA0013671E /* Release */ = {
			isa = XCBuildConfiguration;
			buildSettings = {
				ALWAYS_SEARCH_USER_PATHS = NO;
				ASSETCATALOG_COMPILER_GENERATE_SWIFT_ASSET_SYMBOL_EXTENSIONS = YES;
				CLANG_ANALYZER_NONNULL = YES;
				CLANG_ANALYZER_NUMBER_OBJECT_CONVERSION = YES_AGGRESSIVE;
				CLANG_CXX_LANGUAGE_STANDARD = "gnu++20";
				CLANG_ENABLE_MODULES = YES;
				CLANG_ENABLE_OBJC_ARC = YES;
				CLANG_ENABLE_OBJC_WEAK = YES;
				CLANG_WARN_BLOCK_CAPTURE_AUTORELEASING = YES;
				CLANG_WARN_BOOL_CONVERSION = YES;
				CLANG_WARN_COMMA = YES;
				CLANG_WARN_CONSTANT_CONVERSION = YES;
				CLANG_WARN_DEPRECATED_OBJC_IMPLEMENTATIONS = YES;
				CLANG_WARN_DIRECT_OBJC_ISA_USAGE = YES_ERROR;
				CLANG_WARN_DOCUMENTATION_COMMENTS = YES;
				CLANG_WARN_EMPTY_BODY = YES;
				CLANG_WARN_ENUM_CONVERSION = YES;
				CLANG_WARN_INFINITE_RECURSION = YES;
				CLANG_WARN_INT_CONVERSION = YES;
				CLANG_WARN_NON_LITERAL_NULL_CONVERSION = YES;
				CLANG_WARN_OBJC_IMPLICIT_RETAIN_SELF = YES;
				CLANG_WARN_OBJC_LITERAL_CONVERSION = YES;
				CLANG_WARN_OBJC_ROOT_CLASS = YES_ERROR;
				CLANG_WARN_QUOTED_INCLUDE_IN_FRAMEWORK_HEADER = YES;
				CLANG_WARN_RANGE_LOOP_ANALYSIS = YES;
				CLANG_WARN_STRICT_PROTOTYPES = YES;
				CLANG_WARN_SUSPICIOUS_MOVE = YES;
				CLANG_WARN_UNGUARDED_AVAILABILITY = YES_AGGRESSIVE;
				CLANG_WARN_UNREACHABLE_CODE = YES;
				CLANG_WARN__DUPLICATE_METHOD_MATCH = YES;
				COPY_PHASE_STRIP = NO;
				DEBUG_INFORMATION_FORMAT = "dwarf-with-dsym";
				DEVELOPMENT_TEAM = V4WM2SJ8Q9;
				ENABLE_NS_ASSERTIONS = NO;
				ENABLE_STRICT_OBJC_MSGSEND = YES;
				ENABLE_USER_SCRIPT_SANDBOXING = YES;
				GCC_C_LANGUAGE_STANDARD = gnu17;
				GCC_NO_COMMON_BLOCKS = YES;
				GCC_WARN_64_TO_32_BIT_CONVERSION = YES;
				GCC_WARN_ABOUT_RETURN_TYPE = YES_ERROR;
				GCC_WARN_UNDECLARED_SELECTOR = YES;
				GCC_WARN_UNINITIALIZED_AUTOS = YES_AGGRESSIVE;
				GCC_WARN_UNUSED_FUNCTION = YES;
				GCC_WARN_UNUSED_VARIABLE = YES;
				IPHONEOS_DEPLOYMENT_TARGET = 26.0;
				LOCALIZATION_PREFERS_STRING_CATALOGS = YES;
				MTL_ENABLE_DEBUG_INFO = NO;
				MTL_FAST_MATH = YES;
				SDKROOT = iphoneos;
				STRING_CATALOG_GENERATE_SYMBOLS = YES;
				SWIFT_COMPILATION_MODE = wholemodule;
				VALIDATE_PRODUCT = YES;
			};
			name = Release;
		};
		E54DEC0B2E9840DA0013671E /* Debug */ = {
			isa = XCBuildConfiguration;
			buildSettings = {
				BUNDLE_LOADER = "$(TEST_HOST)";
				CODE_SIGN_STYLE = Automatic;
				CURRENT_PROJECT_VERSION = 122;
				DEVELOPMENT_TEAM = V4WM2SJ8Q9;
				GENERATE_INFOPLIST_FILE = YES;
				IPHONEOS_DEPLOYMENT_TARGET = 26.0;
				MARKETING_VERSION = 1.2;
				PRODUCT_BUNDLE_IDENTIFIER = me.nettrash.ExchangeTests;
				PRODUCT_NAME = "$(TARGET_NAME)";
				STRING_CATALOG_GENERATE_SYMBOLS = NO;
				SWIFT_APPROACHABLE_CONCURRENCY = YES;
				SWIFT_EMIT_LOC_STRINGS = NO;
				SWIFT_UPCOMING_FEATURE_MEMBER_IMPORT_VISIBILITY = YES;
				SWIFT_VERSION = 5.0;
				TARGETED_DEVICE_FAMILY = "1,2";
				TEST_HOST = "$(BUILT_PRODUCTS_DIR)/Exchange.app/$(BUNDLE_EXECUTABLE_FOLDER_PATH)/Exchange";
			};
			name = Debug;
		};
		E54DEC0C2E9840DA0013671E /* Release */ = {
			isa = XCBuildConfiguration;
			buildSettings = {
				BUNDLE_LOADER = "$(TEST_HOST)";
				CODE_SIGN_STYLE = Automatic;
				CURRENT_PROJECT_VERSION = 122;
				DEVELOPMENT_TEAM = V4WM2SJ8Q9;
				GENERATE_INFOPLIST_FILE = YES;
				IPHONEOS_DEPLOYMENT_TARGET = 26.0;
				MARKETING_VERSION = 1.2;
				PRODUCT_BUNDLE_IDENTIFIER = me.nettrash.ExchangeTests;
				PRODUCT_NAME = "$(TARGET_NAME)";
				STRING_CATALOG_GENERATE_SYMBOLS = NO;
				SWIFT_APPROACHABLE_CONCURRENCY = YES;
				SWIFT_EMIT_LOC_STRINGS = NO;
				SWIFT_UPCOMING_FEATURE_MEMBER_IMPORT_VISIBILITY = YES;
				SWIFT_VERSION = 5.0;
				TARGETED_DEVICE_FAMILY = "1,2";
				TEST_HOST = "$(BUILT_PRODUCTS_DIR)/Exchange.app/$(BUNDLE_EXECUTABLE_FOLDER_PATH)/Exchange";
			};
			name = Release;
		};
		E54DEC0E2E9840DA0013671E /* Debug */ = {
			isa = XCBuildConfiguration;
			buildSettings = {
				CODE_SIGN_STYLE = Automatic;
				CURRENT_PROJECT_VERSION = 122;
				DEVELOPMENT_TEAM = V4WM2SJ8Q9;
				GENERATE_INFOPLIST_FILE = YES;
				MARKETING_VERSION = 1.2;
				PRODUCT_BUNDLE_IDENTIFIER = me.nettrash.ExchangeUITests;
				PRODUCT_NAME = "$(TARGET_NAME)";
				STRING_CATALOG_GENERATE_SYMBOLS = NO;
				SWIFT_APPROACHABLE_CONCURRENCY = YES;
				SWIFT_EMIT_LOC_STRINGS = NO;
				SWIFT_UPCOMING_FEATURE_MEMBER_IMPORT_VISIBILITY = YES;
				SWIFT_VERSION = 5.0;
				TARGETED_DEVICE_FAMILY = "1,2";
				TEST_TARGET_NAME = Exchange;
			};
			name = Debug;
		};
		E54DEC0F2E9840DA0013671E /* Release */ = {
			isa = XCBuildConfiguration;
			buildSettings = {
				CODE_SIGN_STYLE = Automatic;
				CURRENT_PROJECT_VERSION = 122;
				DEVELOPMENT_TEAM = V4WM2SJ8Q9;
				GENERATE_INFOPLIST_FILE = YES;
				MARKETING_VERSION = 1.2;
				PRODUCT_BUNDLE_IDENTIFIER = me.nettrash.ExchangeUITests;
				PRODUCT_NAME = "$(TARGET_NAME)";
				STRING_CATALOG_GENERATE_SYMBOLS = NO;
				SWIFT_APPROACHABLE_CONCURRENCY = YES;
				SWIFT_EMIT_LOC_STRINGS = NO;
				SWIFT_UPCOMING_FEATURE_MEMBER_IMPORT_VISIBILITY = YES;
				SWIFT_VERSION = 5.0;
				TARGETED_DEVICE_FAMILY = "1,2";
				TEST_TARGET_NAME = Exchange;
			};
			name = Release;
		};
		F110000E2E9840DA0013671F /* Debug */ = {
			isa = XCBuildConfiguration;
			buildSettings = {
				ASSETCATALOG_COMPILER_APPICON_NAME = "iMessage App Icon";
				CODE_SIGN_ENTITLEMENTS = MessagesExtension/MessagesExtension.entitlements;
				CODE_SIGN_STYLE = Automatic;
				CURRENT_PROJECT_VERSION = 122;
				DEVELOPMENT_TEAM = V4WM2SJ8Q9;
				GENERATE_INFOPLIST_FILE = NO;
				INFOPLIST_FILE = MessagesExtension/Info.plist;
				INFOPLIST_KEY_CFBundleDisplayName = Exchange;
				IPHONEOS_DEPLOYMENT_TARGET = 26.0;
				LD_RUNPATH_SEARCH_PATHS = (
					"$(inherited)",
					"@executable_path/Frameworks",
					"@executable_path/../../Frameworks",
				);
				MARKETING_VERSION = 1.2;
				PRODUCT_BUNDLE_IDENTIFIER = me.nettrash.Exchange.MessagesExtension;
				PRODUCT_NAME = "$(TARGET_NAME)";
				SKIP_INSTALL = YES;
				STRING_CATALOG_GENERATE_SYMBOLS = YES;
				SWIFT_APPROACHABLE_CONCURRENCY = YES;
				SWIFT_DEFAULT_ACTOR_ISOLATION = MainActor;
				SWIFT_EMIT_LOC_STRINGS = YES;
				SWIFT_UPCOMING_FEATURE_MEMBER_IMPORT_VISIBILITY = YES;
				SWIFT_VERSION = 5.0;
				TARGETED_DEVICE_FAMILY = "1,2";
			};
			name = Debug;
		};
		F110000F2E9840DA0013671F /* Release */ = {
			isa = XCBuildConfiguration;
			buildSettings = {
				ASSETCATALOG_COMPILER_APPICON_NAME = "iMessage App Icon";
				CODE_SIGN_ENTITLEMENTS = MessagesExtension/MessagesExtension.entitlements;
				CODE_SIGN_STYLE = Automatic;
				CURRENT_PROJECT_VERSION = 122;
				DEVELOPMENT_TEAM = V4WM2SJ8Q9;
				GENERATE_INFOPLIST_FILE = NO;
				INFOPLIST_FILE = MessagesExtension/Info.plist;
				INFOPLIST_KEY_CFBundleDisplayName = Exchange;
				IPHONEOS_DEPLOYMENT_TARGET = 26.0;
				LD_RUNPATH_SEARCH_PATHS = (
					"$(inherited)",
					"@executable_path/Frameworks",
					"@executable_path/../../Frameworks",
				);
				MARKETING_VERSION = 1.2;
				PRODUCT_BUNDLE_IDENTIFIER = me.nettrash.Exchange.MessagesExtension;
				PRODUCT_NAME = "$(TARGET_NAME)";
				SKIP_INSTALL = YES;
				STRING_CATALOG_GENERATE_SYMBOLS = YES;
				SWIFT_APPROACHABLE_CONCURRENCY = YES;
				SWIFT_DEFAULT_ACTOR_ISOLATION = MainActor;
				SWIFT_EMIT_LOC_STRINGS = YES;
				SWIFT_UPCOMING_FEATURE_MEMBER_IMPORT_VISIBILITY = YES;
				SWIFT_VERSION = 5.0;
				TARGETED_DEVICE_FAMILY = "1,2";
			};
			name = Release;
		};
/* End XCBuildConfiguration section */

/* Begin XCConfigurationList section */
		E54DEBDC2E9840D80013671E /* Build configuration list for PBXProject "Exchange" */ = {
			isa = XCConfigurationList;
			buildConfigurations = (
				E54DEC082E9840DA0013671E /* Debug */,
				E54DEC092E9840DA0013671E /* Release */,
			);
			defaultConfigurationIsVisible = 0;
			defaultConfigurationName = Release;
		};
		E54DEC052E9840DA0013671E /* Build configuration list for PBXNativeTarget "Exchange" */ = {
			isa = XCConfigurationList;
			buildConfigurations = (
				E54DEC062E9840DA0013671E /* Debug */,
				E54DEC072E9840DA0013671E /* Release */,
			);
			defaultConfigurationIsVisible = 0;
			defaultConfigurationName = Release;
		};
		E54DEC0A2E9840DA0013671E /* Build configuration list for PBXNativeTarget "ExchangeTests" */ = {
			isa = XCConfigurationList;
			buildConfigurations = (
				E54DEC0B2E9840DA0013671E /* Debug */,
				E54DEC0C2E9840DA0013671E /* Release */,
			);
			defaultConfigurationIsVisible = 0;
			defaultConfigurationName = Release;
		};
		E54DEC0D2E9840DA0013671E /* Build configuration list for PBXNativeTarget "ExchangeUITests" */ = {
			isa = XCConfigurationList;
			buildConfigurations = (
				E54DEC0E2E9840DA0013671E /* Debug */,
				E54DEC0F2E9840DA0013671E /* Release */,
			);
			defaultConfigurationIsVisible = 0;
			defaultConfigurationName = Release;
		};
		F110000D2E9840DA0013671F /* Build configuration list for PBXNativeTarget "MessagesExtension" */ = {
			isa = XCConfigurationList;
			buildConfigurations = (
				F110000E2E9840DA0013671F /* Debug */,
				F110000F2E9840DA0013671F /* Release */,
			);
			defaultConfigurationIsVisible = 0;
			defaultConfigurationName = Release;
		};
/* End XCConfigurationList section */
	};
	rootObject = E54DEBD92E9840D80013671E /* Project object */;
}
